// !$*UTF8*$!
{
	archiveVersion = 1;
	classes = {
	};
	objectVersion = 55;
	objects = {

/* Begin PBXBuildFile section */
		946F33C727337FEB003DF6E0 /* ModelData.swift in Sources */ = {isa = PBXBuildFile; fileRef = 946F33C627337FEB003DF6E0 /* ModelData.swift */; };
		946F33CC2738CAF5003DF6E0 /* LandmarkRow.swift in Sources */ = {isa = PBXBuildFile; fileRef = 946F33CB2738CAF5003DF6E0 /* LandmarkRow.swift */; };
		946F33D02738D17C003DF6E0 /* LandmarkList.swift in Sources */ = {isa = PBXBuildFile; fileRef = 946F33CF2738D17C003DF6E0 /* LandmarkList.swift */; };
		946F33D2273B7716003DF6E0 /* LandmarkDetail.swift in Sources */ = {isa = PBXBuildFile; fileRef = 946F33D1273B7716003DF6E0 /* LandmarkDetail.swift */; };
		9480ED50272A3EA90050ED80 /* LandmarksApp.swift in Sources */ = {isa = PBXBuildFile; fileRef = 9480ED4F272A3EA90050ED80 /* LandmarksApp.swift */; };
		9480ED52272A3EA90050ED80 /* ContentView.swift in Sources */ = {isa = PBXBuildFile; fileRef = 9480ED51272A3EA90050ED80 /* ContentView.swift */; };
		9480ED54272A3EAA0050ED80 /* Assets.xcassets in Resources */ = {isa = PBXBuildFile; fileRef = 9480ED53272A3EAA0050ED80 /* Assets.xcassets */; };
		9480ED57272A3EAA0050ED80 /* Preview Assets.xcassets in Resources */ = {isa = PBXBuildFile; fileRef = 9480ED56272A3EAA0050ED80 /* Preview Assets.xcassets */; };
		9480ED60272F74310050ED80 /* CircleImage.swift in Sources */ = {isa = PBXBuildFile; fileRef = 9480ED5F272F74310050ED80 /* CircleImage.swift */; };
		9480ED62272F75D80050ED80 /* MapView.swift in Sources */ = {isa = PBXBuildFile; fileRef = 9480ED61272F75D80050ED80 /* MapView.swift */; };
		9480ED662730D1B00050ED80 /* landmarkData.json in Resources */ = {isa = PBXBuildFile; fileRef = 9480ED652730D1B00050ED80 /* landmarkData.json */; };
		9480ED682730D2160050ED80 /* Landmark.swift in Sources */ = {isa = PBXBuildFile; fileRef = 9480ED672730D2160050ED80 /* Landmark.swift */; };
/* End PBXBuildFile section */

/* Begin PBXFileReference section */
		946F33C627337FEB003DF6E0 /* ModelData.swift */ = {isa = PBXFileReference; lastKnownFileType = sourcecode.swift; path = ModelData.swift; sourceTree = "<group>"; };
		946F33CB2738CAF5003DF6E0 /* LandmarkRow.swift */ = {isa = PBXFileReference; lastKnownFileType = sourcecode.swift; path = LandmarkRow.swift; sourceTree = "<group>"; };
		946F33CF2738D17C003DF6E0 /* LandmarkList.swift */ = {isa = PBXFileReference; lastKnownFileType = sourcecode.swift; path = LandmarkList.swift; sourceTree = "<group>"; };
		946F33D1273B7716003DF6E0 /* LandmarkDetail.swift */ = {isa = PBXFileReference; lastKnownFileType = sourcecode.swift; path = LandmarkDetail.swift; sourceTree = "<group>"; };
		9480ED4C272A3EA90050ED80 /* Landmarks.app */ = {isa = PBXFileReference; explicitFileType = wrapper.application; includeInIndex = 0; path = Landmarks.app; sourceTree = BUILT_PRODUCTS_DIR; };
		9480ED4F272A3EA90050ED80 /* LandmarksApp.swift */ = {isa = PBXFileReference; lastKnownFileType = sourcecode.swift; path = LandmarksApp.swift; sourceTree = "<group>"; };
		9480ED51272A3EA90050ED80 /* ContentView.swift */ = {isa = PBXFileReference; lastKnownFileType = sourcecode.swift; path = ContentView.swift; sourceTree = "<group>"; };
		9480ED53272A3EAA0050ED80 /* Assets.xcassets */ = {isa = PBXFileReference; lastKnownFileType = folder.assetcatalog; path = Assets.xcassets; sourceTree = "<group>"; };
		9480ED56272A3EAA0050ED80 /* Preview Assets.xcassets */ = {isa = PBXFileReference; lastKnownFileType = folder.assetcatalog; path = "Preview Assets.xcassets"; sourceTree = "<group>"; };
		9480ED5F272F74310050ED80 /* CircleImage.swift */ = {isa = PBXFileReference; lastKnownFileType = sourcecode.swift; path = CircleImage.swift; sourceTree = "<group>"; };
		9480ED61272F75D80050ED80 /* MapView.swift */ = {isa = PBXFileReference; lastKnownFileType = sourcecode.swift; path = MapView.swift; sourceTree = "<group>"; };
		9480ED652730D1B00050ED80 /* landmarkData.json */ = {isa = PBXFileReference; fileEncoding = 4; lastKnownFileType = text.json; path = landmarkData.json; sourceTree = "<group>"; };
		9480ED672730D2160050ED80 /* Landmark.swift */ = {isa = PBXFileReference; lastKnownFileType = sourcecode.swift; path = Landmark.swift; sourceTree = "<group>"; };
/* End PBXFileReference section */

/* Begin PBXFrameworksBuildPhase section */
		9480ED49272A3EA90050ED80 /* Frameworks */ = {
			isa = PBXFrameworksBuildPhase;
			buildActionMask = 2147483647;
			files = (
			);
			runOnlyForDeploymentPostprocessing = 0;
		};
/* End PBXFrameworksBuildPhase section */

/* Begin PBXGroup section */
		946F33C82738CA60003DF6E0 /* Views */ = {
			isa = PBXGroup;
			children = (
				9480ED51272A3EA90050ED80 /* ContentView.swift */,
				9480ED5F272F74310050ED80 /* CircleImage.swift */,
				946F33D1273B7716003DF6E0 /* LandmarkDetail.swift */,
				946F33CB2738CAF5003DF6E0 /* LandmarkRow.swift */,
				946F33CF2738D17C003DF6E0 /* LandmarkList.swift */,
				9480ED61272F75D80050ED80 /* MapView.swift */,
			);
			path = Views;
			sourceTree = "<group>";
		};
		946F33C92738CA67003DF6E0 /* Model */ = {
			isa = PBXGroup;
			children = (
				9480ED672730D2160050ED80 /* Landmark.swift */,
				946F33C627337FEB003DF6E0 /* ModelData.swift */,
			);
			path = Model;
			sourceTree = "<group>";
		};
		946F33CA2738CA6F003DF6E0 /* Resources */ = {
			isa = PBXGroup;
			children = (
				9480ED652730D1B00050ED80 /* landmarkData.json */,
			);
			path = Resources;
			sourceTree = "<group>";
		};
		9480ED43272A3EA90050ED80 = {
			isa = PBXGroup;
			children = (
				9480ED4E272A3EA90050ED80 /* Landmarks */,
				9480ED4D272A3EA90050ED80 /* Products */,
			);
			sourceTree = "<group>";
		};
		9480ED4D272A3EA90050ED80 /* Products */ = {
			isa = PBXGroup;
			children = (
				9480ED4C272A3EA90050ED80 /* Landmarks.app */,
			);
			name = Products;
			sourceTree = "<group>";
		};
		9480ED4E272A3EA90050ED80 /* Landmarks */ = {
			isa = PBXGroup;
			children = (
				946F33CA2738CA6F003DF6E0 /* Resources */,
				946F33C92738CA67003DF6E0 /* Model */,
				946F33C82738CA60003DF6E0 /* Views */,
				9480ED4F272A3EA90050ED80 /* LandmarksApp.swift */,
				9480ED53272A3EAA0050ED80 /* Assets.xcassets */,
				9480ED55272A3EAA0050ED80 /* Preview Content */,
			);
			path = Landmarks;
			sourceTree = "<group>";
		};
		9480ED55272A3EAA0050ED80 /* Preview Content */ = {
			isa = PBXGroup;
			children = (
				9480ED56272A3EAA0050ED80 /* Preview Assets.xcassets */,
			);
			path = "Preview Content";
			sourceTree = "<group>";
		};
/* End PBXGroup section */

/* Begin PBXNativeTarget section */
		9480ED4B272A3EA90050ED80 /* Landmarks */ = {
			isa = PBXNativeTarget;
			buildConfigurationList = 9480ED5A272A3EAA0050ED80 /* Build configuration list for PBXNativeTarget "Landmarks" */;
			buildPhases = (
				9480ED48272A3EA90050ED80 /* Sources */,
				9480ED49272A3EA90050ED80 /* Frameworks */,
				9480ED4A272A3EA90050ED80 /* Resources */,
			);
			buildRules = (
			);
			dependencies = (
			);
			name = Landmarks;
			productName = Landmarks;
			productReference = 9480ED4C272A3EA90050ED80 /* Landmarks.app */;
			productType = "com.apple.product-type.application";
		};
/* End PBXNativeTarget section */

/* Begin PBXProject section */
		9480ED44272A3EA90050ED80 /* Project object */ = {
			isa = PBXProject;
			attributes = {
				BuildIndependentTargetsInParallel = 1;
				LastSwiftUpdateCheck = 1310;
				LastUpgradeCheck = 1310;
				TargetAttributes = {
					9480ED4B272A3EA90050ED80 = {
						CreatedOnToolsVersion = 13.1;
					};
				};
			};
			buildConfigurationList = 9480ED47272A3EA90050ED80 /* Build configuration list for PBXProject "Landmarks" */;
			compatibilityVersion = "Xcode 13.0";
			developmentRegion = en;
			hasScannedForEncodings = 0;
			knownRegions = (
				en,
				Base,
			);
			mainGroup = 9480ED43272A3EA90050ED80;
			productRefGroup = 9480ED4D272A3EA90050ED80 /* Products */;
			projectDirPath = "";
			projectRoot = "";
			targets = (
				9480ED4B272A3EA90050ED80 /* Landmarks */,
			);
		};
/* End PBXProject section */

/* Begin PBXResourcesBuildPhase section */
		9480ED4A272A3EA90050ED80 /* Resources */ = {
			isa = PBXResourcesBuildPhase;
			buildActionMask = 2147483647;
			files = (
				9480ED57272A3EAA0050ED80 /* Preview Assets.xcassets in Resources */,
				9480ED54272A3EAA0050ED80 /* Assets.xcassets in Resources */,
				9480ED662730D1B00050ED80 /* landmarkData.json in Resources */,
			);
			runOnlyForDeploymentPostprocessing = 0;
		};
/* End PBXResourcesBuildPhase section */

/* Begin PBXSourcesBuildPhase section */
		9480ED48272A3EA90050ED80 /* Sources */ = {
			isa = PBXSourcesBuildPhase;
			buildActionMask = 2147483647;
			files = (
				9480ED52272A3EA90050ED80 /* ContentView.swift in Sources */,
				9480ED62272F75D80050ED80 /* MapView.swift in Sources */,
				9480ED50272A3EA90050ED80 /* LandmarksApp.swift in Sources */,
				946F33D02738D17C003DF6E0 /* LandmarkList.swift in Sources */,
				946F33D2273B7716003DF6E0 /* LandmarkDetail.swift in Sources */,
				9480ED60272F74310050ED80 /* CircleImage.swift in Sources */,
				9480ED682730D2160050ED80 /* Landmark.swift in Sources */,
				946F33CC2738CAF5003DF6E0 /* LandmarkRow.swift in Sources */,
				946F33C727337FEB003DF6E0 /* ModelData.swift in Sources */,
			);
			runOnlyForDeploymentPostprocessing = 0;
		};
/* End PBXSourcesBuildPhase section */

/* Begin XCBuildConfiguration section */
		9480ED58272A3EAA0050ED80 /* Debug */ = {
			isa = XCBuildConfiguration;
			buildSettings = {
				ALWAYS_SEARCH_USER_PATHS = NO;
				CLANG_ANALYZER_NONNULL = YES;
				CLANG_ANALYZER_NUMBER_OBJECT_CONVERSION = YES_AGGRESSIVE;
				CLANG_CXX_LANGUAGE_STANDARD = "gnu++17";
				CLANG_CXX_LIBRARY = "libc++";
				CLANG_ENABLE_MODULES = YES;
				CLANG_ENABLE_OBJC_ARC = YES;
				CLANG_ENABLE_OBJC_WEAK = YES;
				CLANG_WARN_BLOCK_CAPTURE_AUTORELEASING = YES;
				CLANG_WARN_BOOL_CONVERSION = YES;
				CLANG_WARN_COMMA = YES;
				CLANG_WARN_CONSTANT_CONVERSION = YES;
				CLANG_WARN_DEPRECATED_OBJC_IMPLEMENTATIONS = YES;
				CLANG_WARN_DIRECT_OBJC_ISA_USAGE = YES_ERROR;
				CLANG_WARN_DOCUMENTATION_COMMENTS = YES;
				CLANG_WARN_EMPTY_BODY = YES;
				CLANG_WARN_ENUM_CONVERSION = YES;
				CLANG_WARN_INFINITE_RECURSION = YES;
				CLANG_WARN_INT_CONVERSION = YES;
				CLANG_WARN_NON_LITERAL_NULL_CONVERSION = YES;
				CLANG_WARN_OBJC_IMPLICIT_RETAIN_SELF = YES;
				CLANG_WARN_OBJC_LITERAL_CONVERSION = YES;
				CLANG_WARN_OBJC_ROOT_CLASS = YES_ERROR;
				CLANG_WARN_QUOTED_INCLUDE_IN_FRAMEWORK_HEADER = YES;
				CLANG_WARN_RANGE_LOOP_ANALYSIS = YES;
				CLANG_WARN_STRICT_PROTOTYPES = YES;
				CLANG_WARN_SUSPICIOUS_MOVE = YES;
				CLANG_WARN_UNGUARDED_AVAILABILITY = YES_AGGRESSIVE;
				CLANG_WARN_UNREACHABLE_CODE = YES;
				CLANG_WARN__DUPLICATE_METHOD_MATCH = YES;
				COPY_PHASE_STRIP = NO;
				DEBUG_INFORMATION_FORMAT = dwarf;
				ENABLE_STRICT_OBJC_MSGSEND = YES;
				ENABLE_TESTABILITY = YES;
				GCC_C_LANGUAGE_STANDARD = gnu11;
				GCC_DYNAMIC_NO_PIC = NO;
				GCC_NO_COMMON_BLOCKS = YES;
				GCC_OPTIMIZATION_LEVEL = 0;
				GCC_PREPROCESSOR_DEFINITIONS = (
					"DEBUG=1",
					"$(inherited)",
				);
				GCC_WARN_64_TO_32_BIT_CONVERSION = YES;
				GCC_WARN_ABOUT_RETURN_TYPE = YES_ERROR;
				GCC_WARN_UNDECLARED_SELECTOR = YES;
				GCC_WARN_UNINITIALIZED_AUTOS = YES_AGGRESSIVE;
				GCC_WARN_UNUSED_FUNCTION = YES;
				GCC_WARN_UNUSED_VARIABLE = YES;
				IPHONEOS_DEPLOYMENT_TARGET = 15.0;
				MTL_ENABLE_DEBUG_INFO = INCLUDE_SOURCE;
				MTL_FAST_MATH = YES;
				ONLY_ACTIVE_ARCH = YES;
				SDKROOT = iphoneos;
				SWIFT_ACTIVE_COMPILATION_CONDITIONS = DEBUG;
				SWIFT_OPTIMIZATION_LEVEL = "-Onone";
			};
			name = Debug;
		};
		9480ED59272A3EAA0050ED80 /* Release */ = {
			isa = XCBuildConfiguration;
			buildSettings = {
				ALWAYS_SEARCH_USER_PATHS = NO;
				CLANG_ANALYZER_NONNULL = YES;
				CLANG_ANALYZER_NUMBER_OBJECT_CONVERSION = YES_AGGRESSIVE;
				CLANG_CXX_LANGUAGE_STANDARD = "gnu++17";
				CLANG_CXX_LIBRARY = "libc++";
				CLANG_ENABLE_MODULES = YES;
				CLANG_ENABLE_OBJC_ARC = YES;
				CLANG_ENABLE_OBJC_WEAK = YES;
				CLANG_WARN_BLOCK_CAPTURE_AUTORELEASING = YES;
				CLANG_WARN_BOOL_CONVERSION = YES;
				CLANG_WARN_COMMA = YES;
				CLANG_WARN_CONSTANT_CONVERSION = YES;
				CLANG_WARN_DEPRECATED_OBJC_IMPLEMENTATIONS = YES;
				CLANG_WARN_DIRECT_OBJC_ISA_USAGE = YES_ERROR;
				CLANG_WARN_DOCUMENTATION_COMMENTS = YES;
				CLANG_WARN_EMPTY_BODY = YES;
				CLANG_WARN_ENUM_CONVERSION = YES;
				CLANG_WARN_INFINITE_RECURSION = YES;
				CLANG_WARN_INT_CONVERSION = YES;
				CLANG_WARN_NON_LITERAL_NULL_CONVERSION = YES;
				CLANG_WARN_OBJC_IMPLICIT_RETAIN_SELF = YES;
				CLANG_WARN_OBJC_LITERAL_CONVERSION = YES;
				CLANG_WARN_OBJC_ROOT_CLASS = YES_ERROR;
				CLANG_WARN_QUOTED_INCLUDE_IN_FRAMEWORK_HEADER = YES;
				CLANG_WARN_RANGE_LOOP_ANALYSIS = YES;
				CLANG_WARN_STRICT_PROTOTYPES = YES;
				CLANG_WARN_SUSPICIOUS_MOVE = YES;
				CLANG_WARN_UNGUARDED_AVAILABILITY = YES_AGGRESSIVE;
				CLANG_WARN_UNREACHABLE_CODE = YES;
				CLANG_WARN__DUPLICATE_METHOD_MATCH = YES;
				COPY_PHASE_STRIP = NO;
				DEBUG_INFORMATION_FORMAT = "dwarf-with-dsym";
				ENABLE_NS_ASSERTIONS = NO;
				ENABLE_STRICT_OBJC_MSGSEND = YES;
				GCC_C_LANGUAGE_STANDARD = gnu11;
				GCC_NO_COMMON_BLOCKS = YES;
				GCC_WARN_64_TO_32_BIT_CONVERSION = YES;
				GCC_WARN_ABOUT_RETURN_TYPE = YES_ERROR;
				GCC_WARN_UNDECLARED_SELECTOR = YES;
				GCC_WARN_UNINITIALIZED_AUTOS = YES_AGGRESSIVE;
				GCC_WARN_UNUSED_FUNCTION = YES;
				GCC_WARN_UNUSED_VARIABLE = YES;
				IPHONEOS_DEPLOYMENT_TARGET = 15.0;
				MTL_ENABLE_DEBUG_INFO = NO;
				MTL_FAST_MATH = YES;
				SDKROOT = iphoneos;
				SWIFT_COMPILATION_MODE = wholemodule;
				SWIFT_OPTIMIZATION_LEVEL = "-O";
				VALIDATE_PRODUCT = YES;
			};
			name = Release;
		};
		9480ED5B272A3EAA0050ED80 /* Debug */ = {
			isa = XCBuildConfiguration;
			buildSettings = {
				ASSETCATALOG_COMPILER_APPICON_NAME = AppIcon;
				ASSETCATALOG_COMPILER_GLOBAL_ACCENT_COLOR_NAME = AccentColor;
				CODE_SIGN_STYLE = Automatic;
				CURRENT_PROJECT_VERSION = 1;
				DEVELOPMENT_ASSET_PATHS = "\"Landmarks/Preview Content\"";
				ENABLE_PREVIEWS = YES;
				GENERATE_INFOPLIST_FILE = YES;
				INFOPLIST_KEY_UIApplicationSceneManifest_Generation = YES;
				INFOPLIST_KEY_UIApplicationSupportsIndirectInputEvents = YES;
				INFOPLIST_KEY_UILaunchScreen_Generation = YES;
				INFOPLIST_KEY_UISupportedInterfaceOrientations_iPad = "UIInterfaceOrientationPortrait UIInterfaceOrientationPortraitUpsideDown UIInterfaceOrientationLandscapeLeft UIInterfaceOrientationLandscapeRight";
				INFOPLIST_KEY_UISupportedInterfaceOrientations_iPhone = "UIInterfaceOrientationPortrait UIInterfaceOrientationLandscapeLeft UIInterfaceOrientationLandscapeRight";
				LD_RUNPATH_SEARCH_PATHS = (
					"$(inherited)",
					"@executable_path/Frameworks",
				);
				MARKETING_VERSION = 1.0;
				PRODUCT_BUNDLE_IDENTIFIER = test.Landmarks;
				PRODUCT_NAME = "$(TARGET_NAME)";
				SWIFT_EMIT_LOC_STRINGS = YES;
				SWIFT_VERSION = 5.0;
				TARGETED_DEVICE_FAMILY = "1,2";
			};
			name = Debug;
		};
		9480ED5C272A3EAA0050ED80 /* Release */ = {
			isa = XCBuildConfiguration;
			buildSettings = {
				ASSETCATALOG_COMPILER_APPICON_NAME = AppIcon;
				ASSETCATALOG_COMPILER_GLOBAL_ACCENT_COLOR_NAME = AccentColor;
				CODE_SIGN_STYLE = Automatic;
				CURRENT_PROJECT_VERSION = 1;
				DEVELOPMENT_ASSET_PATHS = "\"Landmarks/Preview Content\"";
				ENABLE_PREVIEWS = YES;
				GENERATE_INFOPLIST_FILE = YES;
				INFOPLIST_KEY_UIApplicationSceneManifest_Generation = YES;
				INFOPLIST_KEY_UIApplicationSupportsIndirectInputEvents = YES;
				INFOPLIST_KEY_UILaunchScreen_Generation = YES;
				INFOPLIST_KEY_UISupportedInterfaceOrientations_iPad = "UIInterfaceOrientationPortrait UIInterfaceOrientationPortraitUpsideDown UIInterfaceOrientationLandscapeLeft UIInterfaceOrientationLandscapeRight";
				INFOPLIST_KEY_UISupportedInterfaceOrientations_iPhone = "UIInterfaceOrientationPortrait UIInterfaceOrientationLandscapeLeft UIInterfaceOrientationLandscapeRight";
				LD_RUNPATH_SEARCH_PATHS = (
					"$(inherited)",
					"@executable_path/Frameworks",
				);
				MARKETING_VERSION = 1.0;
				PRODUCT_BUNDLE_IDENTIFIER = test.Landmarks;
				PRODUCT_NAME = "$(TARGET_NAME)";
				SWIFT_EMIT_LOC_STRINGS = YES;
				SWIFT_VERSION = 5.0;
				TARGETED_DEVICE_FAMILY = "1,2";
			};
			name = Release;
		};
/* End XCBuildConfiguration section */

/* Begin XCConfigurationList section */
		9480ED47272A3EA90050ED80 /* Build configuration list for PBXProject "Landmarks" */ = {
			isa = XCConfigurationList;
			buildConfigurations = (
				9480ED58272A3EAA0050ED80 /* Debug */,
				9480ED59272A3EAA0050ED80 /* Release */,
			);
			defaultConfigurationIsVisible = 0;
			defaultConfigurationName = Release;
		};
		9480ED5A272A3EAA0050ED80 /* Build configuration list for PBXNativeTarget "Landmarks" */ = {
			isa = XCConfigurationList;
			buildConfigurations = (
				9480ED5B272A3EAA0050ED80 /* Debug */,
				9480ED5C272A3EAA0050ED80 /* Release */,
			);
			defaultConfigurationIsVisible = 0;
			defaultConfigurationName = Release;
		};
/* End XCConfigurationList section */
	};
	rootObject = 9480ED44272A3EA90050ED80 /* Project object */;
}
